// !$*UTF8*$!
{
	archiveVersion = 1;
	classes = {
	};
	objectVersion = 46;
	objects = {

/* Begin PBXBuildFile section */
		7EE447441BC9AE6E00419CCE /* main.m in Sources */ = {isa = PBXBuildFile; fileRef = 7EE447431BC9AE6E00419CCE /* main.m */; };
		7EE447471BC9AE6E00419CCE /* AppDelegate.m in Sources */ = {isa = PBXBuildFile; fileRef = 7EE447461BC9AE6E00419CCE /* AppDelegate.m */; };
		7EE4474A1BC9AE6E00419CCE /* ViewController.m in Sources */ = {isa = PBXBuildFile; fileRef = 7EE447491BC9AE6E00419CCE /* ViewController.m */; };
		7EE4474D1BC9AE6E00419CCE /* Main.storyboard in Resources */ = {isa = PBXBuildFile; fileRef = 7EE4474B1BC9AE6E00419CCE /* Main.storyboard */; };
		7EE447501BC9AE6E00419CCE /* Modern.xcdatamodeld in Sources */ = {isa = PBXBuildFile; fileRef = 7EE4474E1BC9AE6E00419CCE /* Modern.xcdatamodeld */; };
		7EE447521BC9AE6E00419CCE /* Assets.xcassets in Resources */ = {isa = PBXBuildFile; fileRef = 7EE447511BC9AE6E00419CCE /* Assets.xcassets */; };
		7EE447551BC9AE6E00419CCE /* LaunchScreen.storyboard in Resources */ = {isa = PBXBuildFile; fileRef = 7EE447531BC9AE6E00419CCE /* LaunchScreen.storyboard */; };
		7EE447601BC9AE6E00419CCE /* ModernTests.m in Sources */ = {isa = PBXBuildFile; fileRef = 7EE4475F1BC9AE6E00419CCE /* ModernTests.m */; };
		7EE4476B1BC9AE6E00419CCE /* ModernUITests.m in Sources */ = {isa = PBXBuildFile; fileRef = 7EE4476A1BC9AE6E00419CCE /* ModernUITests.m */; };
/* End PBXBuildFile section */

/* Begin PBXContainerItemProxy section */
		7EE4475C1BC9AE6E00419CCE /* PBXContainerItemProxy */ = {
			isa = PBXContainerItemProxy;
			containerPortal = 7EE447371BC9AE6E00419CCE /* Project object */;
			proxyType = 1;
			remoteGlobalIDString = 7EE4473E1BC9AE6E00419CCE;
			remoteInfo = Modern;
		};
		7EE447671BC9AE6E00419CCE /* PBXContainerItemProxy */ = {
			isa = PBXContainerItemProxy;
			containerPortal = 7EE447371BC9AE6E00419CCE /* Project object */;
			proxyType = 1;
			remoteGlobalIDString = 7EE4473E1BC9AE6E00419CCE;
			remoteInfo = Modern;
		};
/* End PBXContainerItemProxy section */

/* Begin PBXFileReference section */
		7EE4473F1BC9AE6E00419CCE /* Modern.app */ = {isa = PBXFileReference; explicitFileType = wrapper.application; includeInIndex = 0; path = Modern.app; sourceTree = BUILT_PRODUCTS_DIR; };
		7EE447431BC9AE6E00419CCE /* main.m */ = {isa = PBXFileReference; lastKnownFileType = sourcecode.c.objc; path = main.m; sourceTree = "<group>"; };
		7EE447451BC9AE6E00419CCE /* AppDelegate.h */ = {isa = PBXFileReference; lastKnownFileType = sourcecode.c.h; path = AppDelegate.h; sourceTree = "<group>"; };
		7EE447461BC9AE6E00419CCE /* AppDelegate.m */ = {isa = PBXFileReference; lastKnownFileType = sourcecode.c.objc; path = AppDelegate.m; sourceTree = "<group>"; };
		7EE447481BC9AE6E00419CCE /* ViewController.h */ = {isa = PBXFileReference; lastKnownFileType = sourcecode.c.h; path = ViewController.h; sourceTree = "<group>"; };
		7EE447491BC9AE6E00419CCE /* ViewController.m */ = {isa = PBXFileReference; lastKnownFileType = sourcecode.c.objc; path = ViewController.m; sourceTree = "<group>"; };
		7EE4474C1BC9AE6E00419CCE /* Base */ = {isa = PBXFileReference; lastKnownFileType = file.storyboard; name = Base; path = Base.lproj/Main.storyboard; sourceTree = "<group>"; };
		7EE4474F1BC9AE6E00419CCE /* Modern.xcdatamodel */ = {isa = PBXFileReference; lastKnownFileType = wrapper.xcdatamodel; path = Modern.xcdatamodel; sourceTree = "<group>"; };
		7EE447511BC9AE6E00419CCE /* Assets.xcassets */ = {isa = PBXFileReference; lastKnownFileType = folder.assetcatalog; path = Assets.xcassets; sourceTree = "<group>"; };
		7EE447541BC9AE6E00419CCE /* Base */ = {isa = PBXFileReference; lastKnownFileType = file.storyboard; name = Base; path = Base.lproj/LaunchScreen.storyboard; sourceTree = "<group>"; };
		7EE447561BC9AE6E00419CCE /* Info.plist */ = {isa = PBXFileReference; lastKnownFileType = text.plist.xml; path = Info.plist; sourceTree = "<group>"; };
		7EE4475B1BC9AE6E00419CCE /* ModernTests.xctest */ = {isa = PBXFileReference; explicitFileType = wrapper.cfbundle; includeInIndex = 0; path = ModernTests.xctest; sourceTree = BUILT_PRODUCTS_DIR; };
		7EE4475F1BC9AE6E00419CCE /* ModernTests.m */ = {isa = PBXFileReference; lastKnownFileType = sourcecode.c.objc; path = ModernTests.m; sourceTree = "<group>"; };
		7EE447611BC9AE6E00419CCE /* Info.plist */ = {isa = PBXFileReference; lastKnownFileType = text.plist.xml; path = Info.plist; sourceTree = "<group>"; };
		7EE447661BC9AE6E00419CCE /* ModernUITests.xctest */ = {isa = PBXFileReference; explicitFileType = wrapper.cfbundle; includeInIndex = 0; path = ModernUITests.xctest; sourceTree = BUILT_PRODUCTS_DIR; };
		7EE4476A1BC9AE6E00419CCE /* ModernUITests.m */ = {isa = PBXFileReference; lastKnownFileType = sourcecode.c.objc; path = ModernUITests.m; sourceTree = "<group>"; };
		7EE4476C1BC9AE6E00419CCE /* Info.plist */ = {isa = PBXFileReference; lastKnownFileType = text.plist.xml; path = Info.plist; sourceTree = "<group>"; };
/* End PBXFileReference section */

/* Begin PBXFrameworksBuildPhase section */
		7EE4473C1BC9AE6E00419CCE /* Frameworks */ = {
			isa = PBXFrameworksBuildPhase;
			buildActionMask = 2147483647;
			files = (
			);
			runOnlyForDeploymentPostprocessing = 0;
		};
		7EE447581BC9AE6E00419CCE /* Frameworks */ = {
			isa = PBXFrameworksBuildPhase;
			buildActionMask = 2147483647;
			files = (
			);
			runOnlyForDeploymentPostprocessing = 0;
		};
		7EE447631BC9AE6E00419CCE /* Frameworks */ = {
			isa = PBXFrameworksBuildPhase;
			buildActionMask = 2147483647;
			files = (
			);
			runOnlyForDeploymentPostprocessing = 0;
		};
/* End PBXFrameworksBuildPhase section */

/* Begin PBXGroup section */
		7EE447361BC9AE6E00419CCE = {
			isa = PBXGroup;
			children = (
				7EE447411BC9AE6E00419CCE /* Modern */,
				7EE4475E1BC9AE6E00419CCE /* ModernTests */,
				7EE447691BC9AE6E00419CCE /* ModernUITests */,
				7EE447401BC9AE6E00419CCE /* Products */,
			);
			sourceTree = "<group>";
		};
		7EE447401BC9AE6E00419CCE /* Products */ = {
			isa = PBXGroup;
			children = (
				7EE4473F1BC9AE6E00419CCE /* Modern.app */,
				7EE4475B1BC9AE6E00419CCE /* ModernTests.xctest */,
				7EE447661BC9AE6E00419CCE /* ModernUITests.xctest */,
			);
			name = Products;
			sourceTree = "<group>";
		};
		7EE447411BC9AE6E00419CCE /* Modern */ = {
			isa = PBXGroup;
			children = (
				7EE447451BC9AE6E00419CCE /* AppDelegate.h */,
				7EE447461BC9AE6E00419CCE /* AppDelegate.m */,
				7EE447481BC9AE6E00419CCE /* ViewController.h */,
				7EE447491BC9AE6E00419CCE /* ViewController.m */,
				7EE4474B1BC9AE6E00419CCE /* Main.storyboard */,
				7EE447511BC9AE6E00419CCE /* Assets.xcassets */,
				7EE447531BC9AE6E00419CCE /* LaunchScreen.storyboard */,
				7EE447561BC9AE6E00419CCE /* Info.plist */,
				7EE4474E1BC9AE6E00419CCE /* Modern.xcdatamodeld */,
				7EE447421BC9AE6E00419CCE /* Supporting Files */,
			);
			path = Modern;
			sourceTree = "<group>";
		};
		7EE447421BC9AE6E00419CCE /* Supporting Files */ = {
			isa = PBXGroup;
			children = (
				7EE447431BC9AE6E00419CCE /* main.m */,
			);
			name = "Supporting Files";
			sourceTree = "<group>";
		};
		7EE4475E1BC9AE6E00419CCE /* ModernTests */ = {
			isa = PBXGroup;
			children = (
				7EE4475F1BC9AE6E00419CCE /* ModernTests.m */,
				7EE447611BC9AE6E00419CCE /* Info.plist */,
			);
			path = ModernTests;
			sourceTree = "<group>";
		};
		7EE447691BC9AE6E00419CCE /* ModernUITests */ = {
			isa = PBXGroup;
			children = (
				7EE4476A1BC9AE6E00419CCE /* ModernUITests.m */,
				7EE4476C1BC9AE6E00419CCE /* Info.plist */,
			);
			path = ModernUITests;
			sourceTree = "<group>";
		};
/* End PBXGroup section */

/* Begin PBXNativeTarget section */
		7EE4473E1BC9AE6E00419CCE /* Modern */ = {
			isa = PBXNativeTarget;
			buildConfigurationList = 7EE4476F1BC9AE6E00419CCE /* Build configuration list for PBXNativeTarget "Modern" */;
			buildPhases = (
				7EE4473B1BC9AE6E00419CCE /* Sources */,
				7EE4473C1BC9AE6E00419CCE /* Frameworks */,
				7EE4473D1BC9AE6E00419CCE /* Resources */,
			);
			buildRules = (
			);
			dependencies = (
			);
			name = Modern;
			productName = Modern;
			productReference = 7EE4473F1BC9AE6E00419CCE /* Modern.app */;
			productType = "com.apple.product-type.application";
		};
		7EE4475A1BC9AE6E00419CCE /* ModernTests */ = {
			isa = PBXNativeTarget;
			buildConfigurationList = 7EE447721BC9AE6E00419CCE /* Build configuration list for PBXNativeTarget "ModernTests" */;
			buildPhases = (
				7EE447571BC9AE6E00419CCE /* Sources */,
				7EE447581BC9AE6E00419CCE /* Frameworks */,
				7EE447591BC9AE6E00419CCE /* Resources */,
			);
			buildRules = (
			);
			dependencies = (
				7EE4475D1BC9AE6E00419CCE /* PBXTargetDependency */,
			);
			name = ModernTests;
			productName = ModernTests;
			productReference = 7EE4475B1BC9AE6E00419CCE /* ModernTests.xctest */;
			productType = "com.apple.product-type.bundle.unit-test";
		};
		7EE447651BC9AE6E00419CCE /* ModernUITests */ = {
			isa = PBXNativeTarget;
			buildConfigurationList = 7EE447751BC9AE6E00419CCE /* Build configuration list for PBXNativeTarget "ModernUITests" */;
			buildPhases = (
				7EE447621BC9AE6E00419CCE /* Sources */,
				7EE447631BC9AE6E00419CCE /* Frameworks */,
				7EE447641BC9AE6E00419CCE /* Resources */,
			);
			buildRules = (
			);
			dependencies = (
				7EE447681BC9AE6E00419CCE /* PBXTargetDependency */,
			);
			name = ModernUITests;
			productName = ModernUITests;
			productReference = 7EE447661BC9AE6E00419CCE /* ModernUITests.xctest */;
			productType = "com.apple.product-type.bundle.ui-testing";
		};
/* End PBXNativeTarget section */

/* Begin PBXProject section */
		7EE447371BC9AE6E00419CCE /* Project object */ = {
			isa = PBXProject;
			attributes = {
				LastUpgradeCheck = 0700;
				ORGANIZATIONNAME = "Allie Meng";
				TargetAttributes = {
					7EE4473E1BC9AE6E00419CCE = {
						CreatedOnToolsVersion = 7.0;
						DevelopmentTeam = 7NUF5442AA;
						SystemCapabilities = {
							com.apple.Push = {
								enabled = 1;
							};
						};
					};
					7EE4475A1BC9AE6E00419CCE = {
						CreatedOnToolsVersion = 7.0;
						TestTargetID = 7EE4473E1BC9AE6E00419CCE;
					};
					7EE447651BC9AE6E00419CCE = {
						CreatedOnToolsVersion = 7.0;
						TestTargetID = 7EE4473E1BC9AE6E00419CCE;
					};
				};
			};
			buildConfigurationList = 7EE4473A1BC9AE6E00419CCE /* Build configuration list for PBXProject "Modern" */;
			compatibilityVersion = "Xcode 3.2";
			developmentRegion = English;
			hasScannedForEncodings = 0;
			knownRegions = (
				en,
				Base,
			);
			mainGroup = 7EE447361BC9AE6E00419CCE;
			productRefGroup = 7EE447401BC9AE6E00419CCE /* Products */;
			projectDirPath = "";
			projectRoot = "";
			targets = (
				7EE4473E1BC9AE6E00419CCE /* Modern */,
				7EE4475A1BC9AE6E00419CCE /* ModernTests */,
				7EE447651BC9AE6E00419CCE /* ModernUITests */,
			);
		};
/* End PBXProject section */

/* Begin PBXResourcesBuildPhase section */
		7EE4473D1BC9AE6E00419CCE /* Resources */ = {
			isa = PBXResourcesBuildPhase;
			buildActionMask = 2147483647;
			files = (
				7EE447551BC9AE6E00419CCE /* LaunchScreen.storyboard in Resources */,
				7EE447521BC9AE6E00419CCE /* Assets.xcassets in Resources */,
				7EE4474D1BC9AE6E00419CCE /* Main.storyboard in Resources */,
			);
			runOnlyForDeploymentPostprocessing = 0;
		};
		7EE447591BC9AE6E00419CCE /* Resources */ = {
			isa = PBXResourcesBuildPhase;
			buildActionMask = 2147483647;
			files = (
			);
			runOnlyForDeploymentPostprocessing = 0;
		};
		7EE447641BC9AE6E00419CCE /* Resources */ = {
			isa = PBXResourcesBuildPhase;
			buildActionMask = 2147483647;
			files = (
			);
			runOnlyForDeploymentPostprocessing = 0;
		};
/* End PBXResourcesBuildPhase section */

/* Begin PBXSourcesBuildPhase section */
		7EE4473B1BC9AE6E00419CCE /* Sources */ = {
			isa = PBXSourcesBuildPhase;
			buildActionMask = 2147483647;
			files = (
				7EE447501BC9AE6E00419CCE /* Modern.xcdatamodeld in Sources */,
				7EE4474A1BC9AE6E00419CCE /* ViewController.m in Sources */,
				7EE447471BC9AE6E00419CCE /* AppDelegate.m in Sources */,
				7EE447441BC9AE6E00419CCE /* main.m in Sources */,
			);
			runOnlyForDeploymentPostprocessing = 0;
		};
		7EE447571BC9AE6E00419CCE /* Sources */ = {
			isa = PBXSourcesBuildPhase;
			buildActionMask = 2147483647;
			files = (
				7EE447601BC9AE6E00419CCE /* ModernTests.m in Sources */,
			);
			runOnlyForDeploymentPostprocessing = 0;
		};
		7EE447621BC9AE6E00419CCE /* Sources */ = {
			isa = PBXSourcesBuildPhase;
			buildActionMask = 2147483647;
			files = (
				7EE4476B1BC9AE6E00419CCE /* ModernUITests.m in Sources */,
			);
			runOnlyForDeploymentPostprocessing = 0;
		};
/* End PBXSourcesBuildPhase section */

/* Begin PBXTargetDependency section */
		7EE4475D1BC9AE6E00419CCE /* PBXTargetDependency */ = {
			isa = PBXTargetDependency;
			target = 7EE4473E1BC9AE6E00419CCE /* Modern */;
			targetProxy = 7EE4475C1BC9AE6E00419CCE /* PBXContainerItemProxy */;
		};
		7EE447681BC9AE6E00419CCE /* PBXTargetDependency */ = {
			isa = PBXTargetDependency;
			target = 7EE4473E1BC9AE6E00419CCE /* Modern */;
			targetProxy = 7EE447671BC9AE6E00419CCE /* PBXContainerItemProxy */;
		};
/* End PBXTargetDependency section */

/* Begin PBXVariantGroup section */
		7EE4474B1BC9AE6E00419CCE /* Main.storyboard */ = {
			isa = PBXVariantGroup;
			children = (
				7EE4474C1BC9AE6E00419CCE /* Base */,
			);
			name = Main.storyboard;
			sourceTree = "<group>";
		};
		7EE447531BC9AE6E00419CCE /* LaunchScreen.storyboard */ = {
			isa = PBXVariantGroup;
			children = (
				7EE447541BC9AE6E00419CCE /* Base */,
			);
			name = LaunchScreen.storyboard;
			sourceTree = "<group>";
		};
/* End PBXVariantGroup section */

/* Begin XCBuildConfiguration section */
		7EE4476D1BC9AE6E00419CCE /* Debug */ = {
			isa = XCBuildConfiguration;
			buildSettings = {
				ALWAYS_SEARCH_USER_PATHS = NO;
				CLANG_CXX_LANGUAGE_STANDARD = "gnu++0x";
				CLANG_CXX_LIBRARY = "libc++";
				CLANG_ENABLE_MODULES = YES;
				CLANG_ENABLE_OBJC_ARC = YES;
				CLANG_WARN_BOOL_CONVERSION = YES;
				CLANG_WARN_CONSTANT_CONVERSION = YES;
				CLANG_WARN_DIRECT_OBJC_ISA_USAGE = YES_ERROR;
				CLANG_WARN_EMPTY_BODY = YES;
				CLANG_WARN_ENUM_CONVERSION = YES;
				CLANG_WARN_INT_CONVERSION = YES;
				CLANG_WARN_OBJC_ROOT_CLASS = YES_ERROR;
				CLANG_WARN_UNREACHABLE_CODE = YES;
				CLANG_WARN__DUPLICATE_METHOD_MATCH = YES;
				"CODE_SIGN_IDENTITY[sdk=iphoneos*]" = "iPhone Developer";
				COPY_PHASE_STRIP = NO;
				DEBUG_INFORMATION_FORMAT = dwarf;
				ENABLE_STRICT_OBJC_MSGSEND = YES;
				ENABLE_TESTABILITY = YES;
				GCC_C_LANGUAGE_STANDARD = gnu99;
				GCC_DYNAMIC_NO_PIC = NO;
				GCC_NO_COMMON_BLOCKS = YES;
				GCC_OPTIMIZATION_LEVEL = 0;
				GCC_PREPROCESSOR_DEFINITIONS = (
					"DEBUG=1",
					"$(inherited)",
				);
				GCC_WARN_64_TO_32_BIT_CONVERSION = YES;
				GCC_WARN_ABOUT_RETURN_TYPE = YES_ERROR;
				GCC_WARN_UNDECLARED_SELECTOR = YES;
				GCC_WARN_UNINITIALIZED_AUTOS = YES_AGGRESSIVE;
				GCC_WARN_UNUSED_FUNCTION = YES;
				GCC_WARN_UNUSED_VARIABLE = YES;
				IPHONEOS_DEPLOYMENT_TARGET = 9.0;
				MTL_ENABLE_DEBUG_INFO = YES;
				ONLY_ACTIVE_ARCH = YES;
				SDKROOT = iphoneos;
			};
			name = Debug;
		};
		7EE4476E1BC9AE6E00419CCE /* Release */ = {
			isa = XCBuildConfiguration;
			buildSettings = {
				ALWAYS_SEARCH_USER_PATHS = NO;
				CLANG_CXX_LANGUAGE_STANDARD = "gnu++0x";
				CLANG_CXX_LIBRARY = "libc++";
				CLANG_ENABLE_MODULES = YES;
				CLANG_ENABLE_OBJC_ARC = YES;
				CLANG_WARN_BOOL_CONVERSION = YES;
				CLANG_WARN_CONSTANT_CONVERSION = YES;
				CLANG_WARN_DIRECT_OBJC_ISA_USAGE = YES_ERROR;
				CLANG_WARN_EMPTY_BODY = YES;
				CLANG_WARN_ENUM_CONVERSION = YES;
				CLANG_WARN_INT_CONVERSION = YES;
				CLANG_WARN_OBJC_ROOT_CLASS = YES_ERROR;
				CLANG_WARN_UNREACHABLE_CODE = YES;
				CLANG_WARN__DUPLICATE_METHOD_MATCH = YES;
				"CODE_SIGN_IDENTITY[sdk=iphoneos*]" = "iPhone Developer";
				COPY_PHASE_STRIP = NO;
				DEBUG_INFORMATION_FORMAT = "dwarf-with-dsym";
				ENABLE_NS_ASSERTIONS = NO;
				ENABLE_STRICT_OBJC_MSGSEND = YES;
				GCC_C_LANGUAGE_STANDARD = gnu99;
				GCC_NO_COMMON_BLOCKS = YES;
				GCC_WARN_64_TO_32_BIT_CONVERSION = YES;
				GCC_WARN_ABOUT_RETURN_TYPE = YES_ERROR;
				GCC_WARN_UNDECLARED_SELECTOR = YES;
				GCC_WARN_UNINITIALIZED_AUTOS = YES_AGGRESSIVE;
				GCC_WARN_UNUSED_FUNCTION = YES;
				GCC_WARN_UNUSED_VARIABLE = YES;
				IPHONEOS_DEPLOYMENT_TARGET = 9.0;
				MTL_ENABLE_DEBUG_INFO = NO;
				SDKROOT = iphoneos;
				VALIDATE_PRODUCT = YES;
			};
			name = Release;
		};
		7EE447701BC9AE6E00419CCE /* Debug */ = {
			isa = XCBuildConfiguration;
			buildSettings = {
				ASSETCATALOG_COMPILER_APPICON_NAME = AppIcon;
				CODE_SIGN_IDENTITY = "iPhone Developer";
				"CODE_SIGN_IDENTITY[sdk=iphoneos*]" = "iPhone Developer";
				INFOPLIST_FILE = Modern/Info.plist;
				IPHONEOS_DEPLOYMENT_TARGET = 8.0;
				LD_RUNPATH_SEARCH_PATHS = "$(inherited) @executable_path/Frameworks";
				PRODUCT_BUNDLE_IDENTIFIER = me.alliemeng.modern;
				PRODUCT_NAME = "$(TARGET_NAME)";
				PROVISIONING_PROFILE = "";
			};
			name = Debug;
		};
		7EE447711BC9AE6E00419CCE /* Release */ = {
			isa = XCBuildConfiguration;
			buildSettings = {
				ASSETCATALOG_COMPILER_APPICON_NAME = AppIcon;
				CODE_SIGN_IDENTITY = "iPhone Developer";
				"CODE_SIGN_IDENTITY[sdk=iphoneos*]" = "iPhone Developer";
				INFOPLIST_FILE = Modern/Info.plist;
				IPHONEOS_DEPLOYMENT_TARGET = 8.0;
				LD_RUNPATH_SEARCH_PATHS = "$(inherited) @executable_path/Frameworks";
				PRODUCT_BUNDLE_IDENTIFIER = me.alliemeng.modern;
				PRODUCT_NAME = "$(TARGET_NAME)";
				PROVISIONING_PROFILE = "";
			};
			name = Release;
		};
		7EE447731BC9AE6E00419CCE /* Debug */ = {
			isa = XCBuildConfiguration;
			buildSettings = {
				BUNDLE_LOADER = "$(TEST_HOST)";
				INFOPLIST_FILE = ModernTests/Info.plist;
				LD_RUNPATH_SEARCH_PATHS = "$(inherited) @executable_path/Frameworks @loader_path/Frameworks";
				PRODUCT_BUNDLE_IDENTIFIER = me.alliemeng.ModernTests;
				PRODUCT_NAME = "$(TARGET_NAME)";
				TEST_HOST = "$(BUILT_PRODUCTS_DIR)/Modern.app/Modern";
			};
			name = Debug;
		};
		7EE447741BC9AE6E00419CCE /* Release */ = {
			isa = XCBuildConfiguration;
			buildSettings = {
				BUNDLE_LOADER = "$(TEST_HOST)";
				INFOPLIST_FILE = ModernTests/Info.plist;
				LD_RUNPATH_SEARCH_PATHS = "$(inherited) @executable_path/Frameworks @loader_path/Frameworks";
				PRODUCT_BUNDLE_IDENTIFIER = me.alliemeng.ModernTests;
				PRODUCT_NAME = "$(TARGET_NAME)";
				TEST_HOST = "$(BUILT_PRODUCTS_DIR)/Modern.app/Modern";
			};
			name = Release;
		};
		7EE447761BC9AE6E00419CCE /* Debug */ = {
			isa = XCBuildConfiguration;
			buildSettings = {
				INFOPLIST_FILE = ModernUITests/Info.plist;
				LD_RUNPATH_SEARCH_PATHS = "$(inherited) @executable_path/Frameworks @loader_path/Frameworks";
				PRODUCT_BUNDLE_IDENTIFIER = me.alliemeng.ModernUITests;
				PRODUCT_NAME = "$(TARGET_NAME)";
				TEST_TARGET_NAME = Modern;
				USES_XCTRUNNER = YES;
			};
			name = Debug;
		};
		7EE447771BC9AE6E00419CCE /* Release */ = {
			isa = XCBuildConfiguration;
			buildSettings = {
				INFOPLIST_FILE = ModernUITests/Info.plist;
				LD_RUNPATH_SEARCH_PATHS = "$(inherited) @executable_path/Frameworks @loader_path/Frameworks";
				PRODUCT_BUNDLE_IDENTIFIER = me.alliemeng.ModernUITests;
				PRODUCT_NAME = "$(TARGET_NAME)";
				TEST_TARGET_NAME = Modern;
				USES_XCTRUNNER = YES;
			};
			name = Release;
		};
/* End XCBuildConfiguration section */

/* Begin XCConfigurationList section */
		7EE4473A1BC9AE6E00419CCE /* Build configuration list for PBXProject "Modern" */ = {
			isa = XCConfigurationList;
			buildConfigurations = (
				7EE4476D1BC9AE6E00419CCE /* Debug */,
				7EE4476E1BC9AE6E00419CCE /* Release */,
			);
			defaultConfigurationIsVisible = 0;
			defaultConfigurationName = Release;
		};
		7EE4476F1BC9AE6E00419CCE /* Build configuration list for PBXNativeTarget "Modern" */ = {
			isa = XCConfigurationList;
			buildConfigurations = (
				7EE447701BC9AE6E00419CCE /* Debug */,
				7EE447711BC9AE6E00419CCE /* Release */,
			);
			defaultConfigurationIsVisible = 0;
		};
		7EE447721BC9AE6E00419CCE /* Build configuration list for PBXNativeTarget "ModernTests" */ = {
			isa = XCConfigurationList;
			buildConfigurations = (
				7EE447731BC9AE6E00419CCE /* Debug */,
				7EE447741BC9AE6E00419CCE /* Release */,
			);
			defaultConfigurationIsVisible = 0;
		};
		7EE447751BC9AE6E00419CCE /* Build configuration list for PBXNativeTarget "ModernUITests" */ = {
			isa = XCConfigurationList;
			buildConfigurations = (
				7EE447761BC9AE6E00419CCE /* Debug */,
				7EE447771BC9AE6E00419CCE /* Release */,
			);
			defaultConfigurationIsVisible = 0;
		};
/* End XCConfigurationList section */

/* Begin XCVersionGroup section */
		7EE4474E1BC9AE6E00419CCE /* Modern.xcdatamodeld */ = {
			isa = XCVersionGroup;
			children = (
				7EE4474F1BC9AE6E00419CCE /* Modern.xcdatamodel */,
			);
			currentVersion = 7EE4474F1BC9AE6E00419CCE /* Modern.xcdatamodel */;
			path = Modern.xcdatamodeld;
			sourceTree = "<group>";
			versionGroupType = wrapper.xcdatamodel;
		};
/* End XCVersionGroup section */
	};
	rootObject = 7EE447371BC9AE6E00419CCE /* Project object */;
}
